
Microsoft Visual Studio Solution File, Format Version 12.00
# Visual Studio Version 17
VisualStudioVersion = 17.0.31903.59
MinimumVisualStudioVersion = 10.0.40219.1
Project("{2150E333-8FDC-42A3-9474-1A3956D46DE8}") = "src", "src", "{C3D6BD1B-743A-4550-AB76-E1E04635E891}"
EndProject
Project("{FAE04EC0-301F-11D3-BF4B-00C04F79EFBC}") = "mapa-rede-mt.nucleo", "src\mapa-rede-mt.nucleo\mapa-rede-mt.nucleo.csproj", "{76236250-1909-4C06-BD45-8DAF60DF754D}"
EndProject
Project("{FAE04EC0-301F-11D3-BF4B-00C04F79EFBC}") = "mapa-rede-mt", "src\mapa-rede-mt\mapa-rede-mt.csproj", "{5342A650-1DF9-4F8F-9209-CDF6CA6BACB9}"
EndProject
Project("{2150E333-8FDC-42A3-9474-1A3956D46DE8}") = "testes", "testes", "{2CE935DD-2993-4E1F-8C09-717A2B88844E}"
EndProject
Project("{FAE04EC0-301F-11D3-BF4B-00C04F79EFBC}") = "mapa-rede-mt.testes", "testes\mapa-rede-mt.testes\mapa-rede-mt.testes.csproj", "{36205584-1645-4D29-8A85-0B48DE070D2A}"
EndProject
Global
	GlobalSection(SolutionConfigurationPlatforms) = preSolution
		Debug|Any CPU = Debug|Any CPU
		Release|Any CPU = Release|Any CPU
	EndGlobalSection
	GlobalSection(SolutionProperties) = preSolution
		HideSolutionNode = FALSE
	EndGlobalSection
	GlobalSection(ProjectConfigurationPlatforms) = postSolution
		{76236250-1909-4C06-BD45-8DAF60DF754D}.Debug|Any CPU.ActiveCfg = Debug|Any CPU
		{76236250-1909-4C06-BD45-8DAF60DF754D}.Debug|Any CPU.Build.0 = Debug|Any CPU
		{76236250-1909-4C06-BD45-8DAF60DF754D}.Release|Any CPU.ActiveCfg = Release|Any CPU
		{76236250-1909-4C06-BD45-8DAF60DF754D}.Release|Any CPU.Build.0 = Release|Any CPU
		{5342A650-1DF9-4F8F-9209-CDF6CA6BACB9}.Debug|Any CPU.ActiveCfg = Debug|Any CPU
		{5342A650-1DF9-4F8F-9209-CDF6CA6BACB9}.Debug|Any CPU.Build.0 = Debug|Any CPU
		{5342A650-1DF9-4F8F-9209-CDF6CA6BACB9}.Release|Any CPU.ActiveCfg = Release|Any CPU
		{5342A650-1DF9-4F8F-9209-CDF6CA6BACB9}.Release|Any CPU.Build.0 = Release|Any CPU
		{36205584-1645-4D29-8A85-0B48DE070D2A}.Debug|Any CPU.ActiveCfg = Debug|Any CPU
		{36205584-1645-4D29-8A85-0B48DE070D2A}.Debug|Any CPU.Build.0 = Debug|Any CPU
		{36205584-1645-4D29-8A85-0B48DE070D2A}.Release|Any CPU.ActiveCfg = Release|Any CPU
		{36205584-1645-4D29-8A85-0B48DE070D2A}.Release|Any CPU.Build.0 = Release|Any CPU
	EndGlobalSection
	GlobalSection(NestedProjects) = preSolution
		{76236250-1909-4C06-BD45-8DAF60DF754D} = {C3D6BD1B-743A-4550-AB76-E1E04635E891}
		{5342A650-1DF9-4F8F-9209-CDF6CA6BACB9} = {C3D6BD1B-743A-4550-AB76-E1E04635E891}
		{36205584-1645-4D29-8A85-0B48DE070D2A} = {2CE935DD-2993-4E1F-8C09-717A2B88844E}
	EndGlobalSection
EndGlobal
